
Microsoft Visual Studio Solution File, Format Version 12.00
# Visual Studio Version 16
VisualStudioVersion = 16.0.30621.155
MinimumVisualStudioVersion = 10.0.40219.1
Project("{FAE04EC0-301F-11D3-BF4B-00C04F79EFBC}") = "Selenium.NetCore", "Selenium.NetCore\Selenium.NetCore.csproj", "{B181D77D-FB7F-4158-8965-4107ECA18B6F}"
EndProject
Global
	GlobalSection(SolutionConfigurationPlatforms) = preSolution
		Debug|Any CPU = Debug|Any CPU
		Release|Any CPU = Release|Any CPU
	EndGlobalSection
	GlobalSection(ProjectConfigurationPlatforms) = postSolution
		{B181D77D-FB7F-4158-8965-4107ECA18B6F}.Debug|Any CPU.ActiveCfg = Debug|Any CPU
		{B181D77D-FB7F-4158-8965-4107ECA18B6F}.Debug|Any CPU.Build.0 = Debug|Any CPU
		{B181D77D-FB7F-4158-8965-4107ECA18B6F}.Release|Any CPU.ActiveCfg = Release|Any CPU
		{B181D77D-FB7F-4158-8965-4107ECA18B6F}.Release|Any CPU.Build.0 = Release|Any CPU
	EndGlobalSection
	GlobalSection(SolutionProperties) = preSolution
		HideSolutionNode = FALSE
	EndGlobalSection
	GlobalSection(ExtensibilityGlobals) = postSolution
		SolutionGuid = {AB19D46F-D727-4CB5-BC89-3242085F52F1}
	EndGlobalSection
EndGlobal
